{
  "name": "embeddings-service",
  "version": "0.1.0",
  "lockfileVersion": 1,
  "requires": true,
  "dependencies": {
    "@sinonjs/commons": {
      "version": "1.8.3",
      "resolved": "https://registry.npmjs.org/@sinonjs/commons/-/commons-1.8.3.tgz",
      "integrity": "sha512-xkNcLAn/wZaX14RPlwizcKicDk9G3F8m2nU3L7Ukm5zBgTwiT0wsoFAHx9Jq56fJA1z/7uKGtCRu16sOUCLIHQ==",
      "requires": {
        "type-detect": "4.0.8"
      }
    },
    "@sinonjs/fake-timers": {
      "version": "7.1.2",
      "resolved": "https://registry.npmjs.org/@sinonjs/fake-timers/-/fake-timers-7.1.2.tgz",
      "integrity": "sha512-iQADsW4LBMISqZ6Ci1dupJL9pprqwcVFTcOsEmQOEhW+KLCVn/Y4Jrvg2k19fIHCp+iFprriYPTdRcQR8NbUPg==",
      "requires": {
        "@sinonjs/commons": "^1.7.0"
      }
    },
    "@types/arangodb": {
      "version": "3.5.13",
      "resolved": "https://registry.npmjs.org/@types/arangodb/-/arangodb-3.5.13.tgz",
      "integrity": "sha512-1V0vsxzW7dncL0wC+jCgEWKdvmUZthEd79yzw8vgCR6X0jVtZUsJP2CYnuBeOSXGFFeLz0hKKD3uP66bjc49zw==",
      "requires": {
        "@types/node": "*"
      }
    },
    "@types/chai": {
      "version": "3.5.0",
      "resolved": "https://registry.npmjs.org/@types/chai/-/chai-3.5.0.tgz",
      "integrity": "sha1-ReLcKvmlcnvoRq9uYdCP/EXVsso="
    },
    "@types/joi": {
      "version": "14.3.1",
      "resolved": "https://registry.npmjs.org/@types/joi/-/joi-14.3.1.tgz",
      "integrity": "sha512-1kAPyOBvPPQoWOV4b1qT2SRJrQbYY9kz6h5DV8fNgSW0+/Ma+aDLQDACISC1M982uWwjAgsMEVXdalA/+IhvaA=="
    },
    "@types/mocha": {
      "version": "9.0.0",
      "resolved": "https://registry.npmjs.org/@types/mocha/-/mocha-9.0.0.tgz",
      "integrity": "sha512-scN0hAWyLVAvLR9AyW7HoFF5sJZglyBsbPuHO4fv7JRvfmPBMfp1ozWqOf/e4wwPNxezBZXRfWzMb6iFLgEVRA=="
    },
    "@types/node": {
      "version": "16.0.0",
      "resolved": "https://registry.npmjs.org/@types/node/-/node-16.0.0.tgz",
      "integrity": "sha512-TmCW5HoZ2o2/z2EYi109jLqIaPIi9y/lc2LmDCWzuCi35bcaQ+OtUh6nwBiFK7SOu25FAU5+YKdqFZUwtqGSdg=="
    },
    "@types/sinon": {
      "version": "10.0.2",
      "resolved": "https://registry.npmjs.org/@types/sinon/-/sinon-10.0.2.tgz",
      "integrity": "sha512-BHn8Bpkapj8Wdfxvh2jWIUoaYB/9/XhsL0oOvBfRagJtKlSl9NWPcFOz2lRukI9szwGxFtYZCTejJSqsGDbdmw==",
      "requires": {
        "@sinonjs/fake-timers": "^7.1.0"
      }
    },
    "type-detect": {
      "version": "4.0.8",
      "resolved": "https://registry.npmjs.org/type-detect/-/type-detect-4.0.8.tgz",
      "integrity": "sha512-0fr/mIH1dlO+x7TlcMy+bIDqKPsw/70tVyeHW787goQjhmqaZe10uwLujubK9q9Lg6Fiho1KUKDYz0Z7k7g5/g=="
    },
    "typescript": {
      "version": "4.3.5",
      "resolved": "https://registry.npmjs.org/typescript/-/typescript-4.3.5.tgz",
      "integrity": "sha512-DqQgihaQ9cUrskJo9kIyW/+g0Vxsk8cDtZ52a3NGh0YNTfpUSArXSohyUGnvbPazEPLu398C0UxmKSOrPumUzA==",
      "dev": true
    }
  }
}
