{
  "name": "embeddings-service",
  "version": "0.1.0",
  "lockfileVersion": 1,
  "requires": true,
  "dependencies": {
    "@types/arangodb": {
      "version": "3.5.13",
      "resolved": "https://registry.npmjs.org/@types/arangodb/-/arangodb-3.5.13.tgz",
      "integrity": "sha512-1V0vsxzW7dncL0wC+jCgEWKdvmUZthEd79yzw8vgCR6X0jVtZUsJP2CYnuBeOSXGFFeLz0hKKD3uP66bjc49zw==",
      "requires": {
        "@types/node": "*"
      }
    },
    "@types/chai": {
      "version": "4.2.22",
      "resolved": "https://registry.npmjs.org/@types/chai/-/chai-4.2.22.tgz",
      "integrity": "sha512-tFfcE+DSTzWAgifkjik9AySNqIyNoYwmR+uecPwwD/XRNfvOjmC/FjCxpiUGDkDVDphPfCUecSQVFw+lN3M3kQ==",
      "dev": true
    },
    "@types/joi": {
      "version": "14.3.1",
      "resolved": "https://registry.npmjs.org/@types/joi/-/joi-14.3.1.tgz",
      "integrity": "sha512-1kAPyOBvPPQoWOV4b1qT2SRJrQbYY9kz6h5DV8fNgSW0+/Ma+aDLQDACISC1M982uWwjAgsMEVXdalA/+IhvaA=="
    },
    "@types/mocha": {
      "version": "9.0.0",
      "resolved": "https://registry.npmjs.org/@types/mocha/-/mocha-9.0.0.tgz",
      "integrity": "sha512-scN0hAWyLVAvLR9AyW7HoFF5sJZglyBsbPuHO4fv7JRvfmPBMfp1ozWqOf/e4wwPNxezBZXRfWzMb6iFLgEVRA==",
      "dev": true
    },
    "@types/node": {
      "version": "16.0.0",
      "resolved": "https://registry.npmjs.org/@types/node/-/node-16.0.0.tgz",
      "integrity": "sha512-TmCW5HoZ2o2/z2EYi109jLqIaPIi9y/lc2LmDCWzuCi35bcaQ+OtUh6nwBiFK7SOu25FAU5+YKdqFZUwtqGSdg=="
    },
    "typescript": {
      "version": "4.3.5",
      "resolved": "https://registry.npmjs.org/typescript/-/typescript-4.3.5.tgz",
      "integrity": "sha512-DqQgihaQ9cUrskJo9kIyW/+g0Vxsk8cDtZ52a3NGh0YNTfpUSArXSohyUGnvbPazEPLu398C0UxmKSOrPumUzA==",
      "dev": true
    }
  }
}
